
Microsoft Visual Studio Solution File, Format Version 12.00
# Visual Studio Version 16
VisualStudioVersion = 16.0.31702.278
MinimumVisualStudioVersion = 10.0.40219.1
Project("{888888A0-9F3D-457C-B088-3A5042F75D52}") = "CoursePython1", "CoursePython1.pyproj", "{47C3A1B0-84ED-4E26-A17F-7A940928F0E3}"
EndProject
Global
	GlobalSection(SolutionConfigurationPlatforms) = preSolution
		Debug|Any CPU = Debug|Any CPU
		Release|Any CPU = Release|Any CPU
	EndGlobalSection
	GlobalSection(ProjectConfigurationPlatforms) = postSolution
		{47C3A1B0-84ED-4E26-A17F-7A940928F0E3}.Debug|Any CPU.ActiveCfg = Debug|Any CPU
		{47C3A1B0-84ED-4E26-A17F-7A940928F0E3}.Release|Any CPU.ActiveCfg = Release|Any CPU
	EndGlobalSection
	GlobalSection(SolutionProperties) = preSolution
		HideSolutionNode = FALSE
	EndGlobalSection
	GlobalSection(ExtensibilityGlobals) = postSolution
		SolutionGuid = {1A79E000-5B2B-47A1-BC00-C4FBF477B43D}
	EndGlobalSection
EndGlobal
